
Microsoft Visual Studio Solution File, Format Version 12.00
# Visual Studio 15
VisualStudioVersion = 15.0.28010.2041
MinimumVisualStudioVersion = 10.0.40219.1
Project("{FAE04EC0-301F-11D3-BF4B-00C04F79EFBC}") = "PushNotification", "PushNotification\PushNotification.csproj", "{8F568478-2F29-4345-977B-0C0967292525}"
EndProject
Project("{FAE04EC0-301F-11D3-BF4B-00C04F79EFBC}") = "Model", "Model\Model.csproj", "{1F815DBD-F19E-4D46-A0BE-495A6235C485}"
EndProject
Global
	GlobalSection(SolutionConfigurationPlatforms) = preSolution
		Debug|Any CPU = Debug|Any CPU
		Release|Any CPU = Release|Any CPU
	EndGlobalSection
	GlobalSection(ProjectConfigurationPlatforms) = postSolution
		{8F568478-2F29-4345-977B-0C0967292525}.Debug|Any CPU.ActiveCfg = Debug|Any CPU
		{8F568478-2F29-4345-977B-0C0967292525}.Debug|Any CPU.Build.0 = Debug|Any CPU
		{8F568478-2F29-4345-977B-0C0967292525}.Release|Any CPU.ActiveCfg = Release|Any CPU
		{8F568478-2F29-4345-977B-0C0967292525}.Release|Any CPU.Build.0 = Release|Any CPU
		{1F815DBD-F19E-4D46-A0BE-495A6235C485}.Debug|Any CPU.ActiveCfg = Debug|Any CPU
		{1F815DBD-F19E-4D46-A0BE-495A6235C485}.Debug|Any CPU.Build.0 = Debug|Any CPU
		{1F815DBD-F19E-4D46-A0BE-495A6235C485}.Release|Any CPU.ActiveCfg = Release|Any CPU
		{1F815DBD-F19E-4D46-A0BE-495A6235C485}.Release|Any CPU.Build.0 = Release|Any CPU
	EndGlobalSection
	GlobalSection(SolutionProperties) = preSolution
		HideSolutionNode = FALSE
	EndGlobalSection
	GlobalSection(ExtensibilityGlobals) = postSolution
		SolutionGuid = {E57B450B-FCA9-4500-B65D-096C2BD5F729}
	EndGlobalSection
EndGlobal
